// !$*UTF8*$!
{
	archiveVersion = 1;
	classes = {
	};
	objectVersion = 48;
	objects = {

/* Begin PBXBuildFile section */
		4F14EC3D1FB5973D00C27920 /* GoogleService-Info.plist in Resources */ = {isa = PBXBuildFile; fileRef = 4F14EC3C1FB5973C00C27920 /* GoogleService-Info.plist */; };
		4F14EC401FB598DB00C27920 /* LaunchScreen.storyboard in Resources */ = {isa = PBXBuildFile; fileRef = 4F14EC3E1FB598DB00C27920 /* LaunchScreen.storyboard */; };
		4F14EC411FB598DB00C27920 /* Main.storyboard in Resources */ = {isa = PBXBuildFile; fileRef = 4F14EC3F1FB598DB00C27920 /* Main.storyboard */; };
		4F54DCBE1FB59652000ECC16 /* AppDelegate.swift in Sources */ = {isa = PBXBuildFile; fileRef = 4F54DCBD1FB59652000ECC16 /* AppDelegate.swift */; };
		4F54DCC01FB59652000ECC16 /* ViewController.swift in Sources */ = {isa = PBXBuildFile; fileRef = 4F54DCBF1FB59652000ECC16 /* ViewController.swift */; };
		4F54DCC51FB59652000ECC16 /* Assets.xcassets in Resources */ = {isa = PBXBuildFile; fileRef = 4F54DCC41FB59652000ECC16 /* Assets.xcassets */; };
		5F139AF299F1EFDECB785D97 /* Pods_soccer.framework in Frameworks */ = {isa = PBXBuildFile; fileRef = A8FE0CD152F0ED09A272D514 /* Pods_soccer.framework */; };
/* End PBXBuildFile section */

/* Begin PBXFileReference section */
		4F14EC3C1FB5973C00C27920 /* GoogleService-Info.plist */ = {isa = PBXFileReference; fileEncoding = 4; lastKnownFileType = text.plist.xml; path = "GoogleService-Info.plist"; sourceTree = "<group>"; };
		4F14EC3E1FB598DB00C27920 /* LaunchScreen.storyboard */ = {isa = PBXFileReference; fileEncoding = 4; lastKnownFileType = file.storyboard; path = LaunchScreen.storyboard; sourceTree = "<group>"; };
		4F14EC3F1FB598DB00C27920 /* Main.storyboard */ = {isa = PBXFileReference; fileEncoding = 4; lastKnownFileType = file.storyboard; path = Main.storyboard; sourceTree = "<group>"; };
		4F54DCBA1FB59652000ECC16 /* soccer.app */ = {isa = PBXFileReference; explicitFileType = wrapper.application; includeInIndex = 0; path = soccer.app; sourceTree = BUILT_PRODUCTS_DIR; };
		4F54DCBD1FB59652000ECC16 /* AppDelegate.swift */ = {isa = PBXFileReference; lastKnownFileType = sourcecode.swift; path = AppDelegate.swift; sourceTree = "<group>"; };
		4F54DCBF1FB59652000ECC16 /* ViewController.swift */ = {isa = PBXFileReference; lastKnownFileType = sourcecode.swift; path = ViewController.swift; sourceTree = "<group>"; };
		4F54DCC41FB59652000ECC16 /* Assets.xcassets */ = {isa = PBXFileReference; lastKnownFileType = folder.assetcatalog; path = Assets.xcassets; sourceTree = "<group>"; };
		4F54DCC91FB59652000ECC16 /* Info.plist */ = {isa = PBXFileReference; lastKnownFileType = text.plist.xml; path = Info.plist; sourceTree = "<group>"; };
		A8FE0CD152F0ED09A272D514 /* Pods_soccer.framework */ = {isa = PBXFileReference; explicitFileType = wrapper.framework; includeInIndex = 0; path = Pods_soccer.framework; sourceTree = BUILT_PRODUCTS_DIR; };
		B458A2447C3CD5BC7B498F56 /* Pods-soccer.debug.xcconfig */ = {isa = PBXFileReference; includeInIndex = 1; lastKnownFileType = text.xcconfig; name = "Pods-soccer.debug.xcconfig"; path = "Pods/Target Support Files/Pods-soccer/Pods-soccer.debug.xcconfig"; sourceTree = "<group>"; };
		D17605537BDC02B1D1AB59CE /* Pods-soccer.release.xcconfig */ = {isa = PBXFileReference; includeInIndex = 1; lastKnownFileType = text.xcconfig; name = "Pods-soccer.release.xcconfig"; path = "Pods/Target Support Files/Pods-soccer/Pods-soccer.release.xcconfig"; sourceTree = "<group>"; };
/* End PBXFileReference section */

/* Begin PBXFrameworksBuildPhase section */
		4F54DCB71FB59652000ECC16 /* Frameworks */ = {
			isa = PBXFrameworksBuildPhase;
			buildActionMask = 2147483647;
			files = (
				5F139AF299F1EFDECB785D97 /* Pods_soccer.framework in Frameworks */,
			);
			runOnlyForDeploymentPostprocessing = 0;
		};
/* End PBXFrameworksBuildPhase section */

/* Begin PBXGroup section */
		4F54DCB11FB59652000ECC16 = {
			isa = PBXGroup;
			children = (
				4F54DCBC1FB59652000ECC16 /* soccer */,
				4F54DCBB1FB59652000ECC16 /* Products */,
				982C112D6BAED0EFD77838B7 /* Pods */,
				9ECFBA129FC27A058B2886C4 /* Frameworks */,
			);
			sourceTree = "<group>";
		};
		4F54DCBB1FB59652000ECC16 /* Products */ = {
			isa = PBXGroup;
			children = (
				4F54DCBA1FB59652000ECC16 /* soccer.app */,
			);
			name = Products;
			sourceTree = "<group>";
		};
		4F54DCBC1FB59652000ECC16 /* soccer */ = {
			isa = PBXGroup;
			children = (
				4F54DCBD1FB59652000ECC16 /* AppDelegate.swift */,
				4F54DCBF1FB59652000ECC16 /* ViewController.swift */,
				4F54DCC41FB59652000ECC16 /* Assets.xcassets */,
				4F54DCC91FB59652000ECC16 /* Info.plist */,
				4F14EC3C1FB5973C00C27920 /* GoogleService-Info.plist */,
				4F14EC3E1FB598DB00C27920 /* LaunchScreen.storyboard */,
				4F14EC3F1FB598DB00C27920 /* Main.storyboard */,
			);
			path = soccer;
			sourceTree = "<group>";
		};
		982C112D6BAED0EFD77838B7 /* Pods */ = {
			isa = PBXGroup;
			children = (
				B458A2447C3CD5BC7B498F56 /* Pods-soccer.debug.xcconfig */,
				D17605537BDC02B1D1AB59CE /* Pods-soccer.release.xcconfig */,
			);
			name = Pods;
			sourceTree = "<group>";
		};
		9ECFBA129FC27A058B2886C4 /* Frameworks */ = {
			isa = PBXGroup;
			children = (
				A8FE0CD152F0ED09A272D514 /* Pods_soccer.framework */,
			);
			name = Frameworks;
			sourceTree = "<group>";
		};
/* End PBXGroup section */

/* Begin PBXNativeTarget section */
		4F54DCB91FB59652000ECC16 /* soccer */ = {
			isa = PBXNativeTarget;
			buildConfigurationList = 4F54DCCC1FB59652000ECC16 /* Build configuration list for PBXNativeTarget "soccer" */;
			buildPhases = (
				E4A2A22C38A4BF3C3FEEF606 /* [CP] Check Pods Manifest.lock */,
				4F54DCB61FB59652000ECC16 /* Sources */,
				4F54DCB71FB59652000ECC16 /* Frameworks */,
				4F54DCB81FB59652000ECC16 /* Resources */,
				FD0EDAA1E03130CA1953E659 /* [CP] Embed Pods Frameworks */,
				C0BA1596CEE3CB21B65BEE3B /* [CP] Copy Pods Resources */,
			);
			buildRules = (
			);
			dependencies = (
			);
			name = soccer;
			productName = soccer;
			productReference = 4F54DCBA1FB59652000ECC16 /* soccer.app */;
			productType = "com.apple.product-type.application";
		};
/* End PBXNativeTarget section */

/* Begin PBXProject section */
		4F54DCB21FB59652000ECC16 /* Project object */ = {
			isa = PBXProject;
			attributes = {
				LastSwiftUpdateCheck = 0910;
				LastUpgradeCheck = 0910;
				ORGANIZATIONNAME = "엔테코 인터렉티브";
				TargetAttributes = {
					4F54DCB91FB59652000ECC16 = {
						CreatedOnToolsVersion = 9.1;
						ProvisioningStyle = Automatic;
					};
				};
			};
			buildConfigurationList = 4F54DCB51FB59652000ECC16 /* Build configuration list for PBXProject "soccer" */;
			compatibilityVersion = "Xcode 8.0";
			developmentRegion = en;
			hasScannedForEncodings = 0;
			knownRegions = (
				en,
				Base,
			);
			mainGroup = 4F54DCB11FB59652000ECC16;
			productRefGroup = 4F54DCBB1FB59652000ECC16 /* Products */;
			projectDirPath = "";
			projectRoot = "";
			targets = (
				4F54DCB91FB59652000ECC16 /* soccer */,
			);
		};
/* End PBXProject section */

/* Begin PBXResourcesBuildPhase section */
		4F54DCB81FB59652000ECC16 /* Resources */ = {
			isa = PBXResourcesBuildPhase;
			buildActionMask = 2147483647;
			files = (
				4F14EC401FB598DB00C27920 /* LaunchScreen.storyboard in Resources */,
				4F14EC3D1FB5973D00C27920 /* GoogleService-Info.plist in Resources */,
				4F54DCC51FB59652000ECC16 /* Assets.xcassets in Resources */,
				4F14EC411FB598DB00C27920 /* Main.storyboard in Resources */,
			);
			runOnlyForDeploymentPostprocessing = 0;
		};
/* End PBXResourcesBuildPhase section */

/* Begin PBXShellScriptBuildPhase section */
		C0BA1596CEE3CB21B65BEE3B /* [CP] Copy Pods Resources */ = {
			isa = PBXShellScriptBuildPhase;
			buildActionMask = 2147483647;
			files = (
			);
			inputPaths = (
			);
			name = "[CP] Copy Pods Resources";
			outputPaths = (
			);
			runOnlyForDeploymentPostprocessing = 0;
			shellPath = /bin/sh;
			shellScript = "\"${SRCROOT}/Pods/Target Support Files/Pods-soccer/Pods-soccer-resources.sh\"\n";
			showEnvVarsInLog = 0;
		};
		E4A2A22C38A4BF3C3FEEF606 /* [CP] Check Pods Manifest.lock */ = {
			isa = PBXShellScriptBuildPhase;
			buildActionMask = 2147483647;
			files = (
			);
			inputPaths = (
				"${PODS_PODFILE_DIR_PATH}/Podfile.lock",
				"${PODS_ROOT}/Manifest.lock",
			);
			name = "[CP] Check Pods Manifest.lock";
			outputPaths = (
				"$(DERIVED_FILE_DIR)/Pods-soccer-checkManifestLockResult.txt",
			);
			runOnlyForDeploymentPostprocessing = 0;
			shellPath = /bin/sh;
			shellScript = "diff \"${PODS_PODFILE_DIR_PATH}/Podfile.lock\" \"${PODS_ROOT}/Manifest.lock\" > /dev/null\nif [ $? != 0 ] ; then\n    # print error to STDERR\n    echo \"error: The sandbox is not in sync with the Podfile.lock. Run 'pod install' or update your CocoaPods installation.\" >&2\n    exit 1\nfi\n# This output is used by Xcode 'outputs' to avoid re-running this script phase.\necho \"SUCCESS\" > \"${SCRIPT_OUTPUT_FILE_0}\"\n";
			showEnvVarsInLog = 0;
		};
		FD0EDAA1E03130CA1953E659 /* [CP] Embed Pods Frameworks */ = {
			isa = PBXShellScriptBuildPhase;
			buildActionMask = 2147483647;
			files = (
			);
			inputPaths = (
				"${SRCROOT}/Pods/Target Support Files/Pods-soccer/Pods-soccer-frameworks.sh",
				"${BUILT_PRODUCTS_DIR}/GoogleToolboxForMac/GoogleToolboxForMac.framework",
				"${BUILT_PRODUCTS_DIR}/leveldb-library/leveldb.framework",
				"${BUILT_PRODUCTS_DIR}/nanopb/nanopb.framework",
			);
			name = "[CP] Embed Pods Frameworks";
			outputPaths = (
				"${TARGET_BUILD_DIR}/${FRAMEWORKS_FOLDER_PATH}/GoogleToolboxForMac.framework",
				"${TARGET_BUILD_DIR}/${FRAMEWORKS_FOLDER_PATH}/leveldb.framework",
				"${TARGET_BUILD_DIR}/${FRAMEWORKS_FOLDER_PATH}/nanopb.framework",
			);
			runOnlyForDeploymentPostprocessing = 0;
			shellPath = /bin/sh;
			shellScript = "\"${SRCROOT}/Pods/Target Support Files/Pods-soccer/Pods-soccer-frameworks.sh\"\n";
			showEnvVarsInLog = 0;
		};
/* End PBXShellScriptBuildPhase section */

/* Begin PBXSourcesBuildPhase section */
		4F54DCB61FB59652000ECC16 /* Sources */ = {
			isa = PBXSourcesBuildPhase;
			buildActionMask = 2147483647;
			files = (
				4F54DCC01FB59652000ECC16 /* ViewController.swift in Sources */,
				4F54DCBE1FB59652000ECC16 /* AppDelegate.swift in Sources */,
			);
			runOnlyForDeploymentPostprocessing = 0;
		};
/* End PBXSourcesBuildPhase section */

/* Begin XCBuildConfiguration section */
		4F54DCCA1FB59652000ECC16 /* Debug */ = {
			isa = XCBuildConfiguration;
			buildSettings = {
				ALWAYS_SEARCH_USER_PATHS = NO;
				CLANG_ANALYZER_NONNULL = YES;
				CLANG_ANALYZER_NUMBER_OBJECT_CONVERSION = YES_AGGRESSIVE;
				CLANG_CXX_LANGUAGE_STANDARD = "gnu++14";
				CLANG_CXX_LIBRARY = "libc++";
				CLANG_ENABLE_MODULES = YES;
				CLANG_ENABLE_OBJC_ARC = YES;
				CLANG_WARN_BLOCK_CAPTURE_AUTORELEASING = YES;
				CLANG_WARN_BOOL_CONVERSION = YES;
				CLANG_WARN_COMMA = YES;
				CLANG_WARN_CONSTANT_CONVERSION = YES;
				CLANG_WARN_DIRECT_OBJC_ISA_USAGE = YES_ERROR;
				CLANG_WARN_DOCUMENTATION_COMMENTS = YES;
				CLANG_WARN_EMPTY_BODY = YES;
				CLANG_WARN_ENUM_CONVERSION = YES;
				CLANG_WARN_INFINITE_RECURSION = YES;
				CLANG_WARN_INT_CONVERSION = YES;
				CLANG_WARN_NON_LITERAL_NULL_CONVERSION = YES;
				CLANG_WARN_OBJC_LITERAL_CONVERSION = YES;
				CLANG_WARN_OBJC_ROOT_CLASS = YES_ERROR;
				CLANG_WARN_RANGE_LOOP_ANALYSIS = YES;
				CLANG_WARN_STRICT_PROTOTYPES = YES;
				CLANG_WARN_SUSPICIOUS_MOVE = YES;
				CLANG_WARN_UNGUARDED_AVAILABILITY = YES_AGGRESSIVE;
				CLANG_WARN_UNREACHABLE_CODE = YES;
				CLANG_WARN__DUPLICATE_METHOD_MATCH = YES;
				CODE_SIGN_IDENTITY = "iPhone Developer";
				COPY_PHASE_STRIP = NO;
				DEBUG_INFORMATION_FORMAT = dwarf;
				ENABLE_STRICT_OBJC_MSGSEND = YES;
				ENABLE_TESTABILITY = YES;
				GCC_C_LANGUAGE_STANDARD = gnu11;
				GCC_DYNAMIC_NO_PIC = NO;
				GCC_NO_COMMON_BLOCKS = YES;
				GCC_OPTIMIZATION_LEVEL = 0;
				GCC_PREPROCESSOR_DEFINITIONS = (
					"DEBUG=1",
					"$(inherited)",
				);
				GCC_WARN_64_TO_32_BIT_CONVERSION = YES;
				GCC_WARN_ABOUT_RETURN_TYPE = YES_ERROR;
				GCC_WARN_UNDECLARED_SELECTOR = YES;
				GCC_WARN_UNINITIALIZED_AUTOS = YES_AGGRESSIVE;
				GCC_WARN_UNUSED_FUNCTION = YES;
				GCC_WARN_UNUSED_VARIABLE = YES;
				IPHONEOS_DEPLOYMENT_TARGET = 11.1;
				MTL_ENABLE_DEBUG_INFO = YES;
				ONLY_ACTIVE_ARCH = YES;
				SDKROOT = iphoneos;
				SWIFT_ACTIVE_COMPILATION_CONDITIONS = DEBUG;
				SWIFT_OPTIMIZATION_LEVEL = "-Onone";
			};
			name = Debug;
		};
		4F54DCCB1FB59652000ECC16 /* Release */ = {
			isa = XCBuildConfiguration;
			buildSettings = {
				ALWAYS_SEARCH_USER_PATHS = NO;
				CLANG_ANALYZER_NONNULL = YES;
				CLANG_ANALYZER_NUMBER_OBJECT_CONVERSION = YES_AGGRESSIVE;
				CLANG_CXX_LANGUAGE_STANDARD = "gnu++14";
				CLANG_CXX_LIBRARY = "libc++";
				CLANG_ENABLE_MODULES = YES;
				CLANG_ENABLE_OBJC_ARC = YES;
				CLANG_WARN_BLOCK_CAPTURE_AUTORELEASING = YES;
				CLANG_WARN_BOOL_CONVERSION = YES;
				CLANG_WARN_COMMA = YES;
				CLANG_WARN_CONSTANT_CONVERSION = YES;
				CLANG_WARN_DIRECT_OBJC_ISA_USAGE = YES_ERROR;
				CLANG_WARN_DOCUMENTATION_COMMENTS = YES;
				CLANG_WARN_EMPTY_BODY = YES;
				CLANG_WARN_ENUM_CONVERSION = YES;
				CLANG_WARN_INFINITE_RECURSION = YES;
				CLANG_WARN_INT_CONVERSION = YES;
				CLANG_WARN_NON_LITERAL_NULL_CONVERSION = YES;
				CLANG_WARN_OBJC_LITERAL_CONVERSION = YES;
				CLANG_WARN_OBJC_ROOT_CLASS = YES_ERROR;
				CLANG_WARN_RANGE_LOOP_ANALYSIS = YES;
				CLANG_WARN_STRICT_PROTOTYPES = YES;
				CLANG_WARN_SUSPICIOUS_MOVE = YES;
				CLANG_WARN_UNGUARDED_AVAILABILITY = YES_AGGRESSIVE;
				CLANG_WARN_UNREACHABLE_CODE = YES;
				CLANG_WARN__DUPLICATE_METHOD_MATCH = YES;
				CODE_SIGN_IDENTITY = "iPhone Developer";
				COPY_PHASE_STRIP = NO;
				DEBUG_INFORMATION_FORMAT = "dwarf-with-dsym";
				ENABLE_NS_ASSERTIONS = NO;
				ENABLE_STRICT_OBJC_MSGSEND = YES;
				GCC_C_LANGUAGE_STANDARD = gnu11;
				GCC_NO_COMMON_BLOCKS = YES;
				GCC_WARN_64_TO_32_BIT_CONVERSION = YES;
				GCC_WARN_ABOUT_RETURN_TYPE = YES_ERROR;
				GCC_WARN_UNDECLARED_SELECTOR = YES;
				GCC_WARN_UNINITIALIZED_AUTOS = YES_AGGRESSIVE;
				GCC_WARN_UNUSED_FUNCTION = YES;
				GCC_WARN_UNUSED_VARIABLE = YES;
				IPHONEOS_DEPLOYMENT_TARGET = 11.1;
				MTL_ENABLE_DEBUG_INFO = NO;
				SDKROOT = iphoneos;
				SWIFT_OPTIMIZATION_LEVEL = "-Owholemodule";
				VALIDATE_PRODUCT = YES;
			};
			name = Release;
		};
		4F54DCCD1FB59652000ECC16 /* Debug */ = {
			isa = XCBuildConfiguration;
			baseConfigurationReference = B458A2447C3CD5BC7B498F56 /* Pods-soccer.debug.xcconfig */;
			buildSettings = {
				ASSETCATALOG_COMPILER_APPICON_NAME = AppIcon;
				CODE_SIGN_STYLE = Automatic;
				INFOPLIST_FILE = soccer/Info.plist;
				LD_RUNPATH_SEARCH_PATHS = "$(inherited) @executable_path/Frameworks";
				PRODUCT_BUNDLE_IDENTIFIER = com.seoul.soccer;
				PRODUCT_NAME = "$(TARGET_NAME)";
				SWIFT_VERSION = 4.0;
				TARGETED_DEVICE_FAMILY = "1,2";
			};
			name = Debug;
		};
		4F54DCCE1FB59652000ECC16 /* Release */ = {
			isa = XCBuildConfiguration;
			baseConfigurationReference = D17605537BDC02B1D1AB59CE /* Pods-soccer.release.xcconfig */;
			buildSettings = {
				ASSETCATALOG_COMPILER_APPICON_NAME = AppIcon;
				CODE_SIGN_STYLE = Automatic;
				INFOPLIST_FILE = soccer/Info.plist;
				LD_RUNPATH_SEARCH_PATHS = "$(inherited) @executable_path/Frameworks";
				PRODUCT_BUNDLE_IDENTIFIER = com.seoul.soccer;
				PRODUCT_NAME = "$(TARGET_NAME)";
				SWIFT_VERSION = 4.0;
				TARGETED_DEVICE_FAMILY = "1,2";
			};
			name = Release;
		};
/* End XCBuildConfiguration section */

/* Begin XCConfigurationList section */
		4F54DCB51FB59652000ECC16 /* Build configuration list for PBXProject "soccer" */ = {
			isa = XCConfigurationList;
			buildConfigurations = (
				4F54DCCA1FB59652000ECC16 /* Debug */,
				4F54DCCB1FB59652000ECC16 /* Release */,
			);
			defaultConfigurationIsVisible = 0;
			defaultConfigurationName = Release;
		};
		4F54DCCC1FB59652000ECC16 /* Build configuration list for PBXNativeTarget "soccer" */ = {
			isa = XCConfigurationList;
			buildConfigurations = (
				4F54DCCD1FB59652000ECC16 /* Debug */,
				4F54DCCE1FB59652000ECC16 /* Release */,
			);
			defaultConfigurationIsVisible = 0;
			defaultConfigurationName = Release;
		};
/* End XCConfigurationList section */
	};
	rootObject = 4F54DCB21FB59652000ECC16 /* Project object */;
}
